{
    "_readme": [
        "This file locks the dependencies of your project to a known state",
        "Read more about it at http://getcomposer.org/doc/01-basic-usage.md#composer-lock-the-lock-file",
        "This file is @generated automatically"
    ],
    "hash": "e236062c287badcfff2cc48c5a6667d4",
    "packages": [
        {
            "name": "wjzijderveld/sculpin-related-content-bundle",
            "version": "1.x-dev",
            "target-dir": "Wjzijderveld/Sculpin/RelatedContentBundle",
            "source": {
                "type": "git",
                "url": "https://github.com/wjzijderveld/SculpinRelatedContentBundle.git",
                "reference": "5e18c10320014e7697158005ef83aea418e4288d"
            },
            "dist": {
                "type": "zip",
                "url": "https://api.github.com/repos/wjzijderveld/SculpinRelatedContentBundle/zipball/5e18c10320014e7697158005ef83aea418e4288d",
                "reference": "5e18c10320014e7697158005ef83aea418e4288d",
                "shasum": ""
            },
            "require": {
                "php": ">=5.4.0",
                "sculpin/sculpin": "~2.0",
                "symfony/config": "~2.1",
                "symfony/dependency-injection": "~2.1",
                "symfony/http-kernel": "~2.1"
            },
            "type": "symfony-bundle",
            "extra": {
                "branch-alias": {
                    "dev-master": "1.0.x-dev"
                }
            },
            "autoload": {
                "psr-0": {
                    "Wjzijderveld\\Sculpin\\RelatedContentBundle": ""
                }
            },
            "notification-url": "https://packagist.org/downloads/",
            "license": [
                "MIT"
            ],
            "authors": [
                {
                    "name": "Willem-Jan Zijderveld",
                    "email": "wjzijderveld@gmail.com"
                }
            ],
            "description": "Sculpin Bundle to generate related content data",
            "keywords": [
                "bundle",
                "content",
                "related",
                "sculpin",
                "static"
            ],
            "time": "2014-07-31 20:22:07"
        },
        {
            "name": "zendframework/zend-escaper",
            "version": "dev-develop",
            "target-dir": "Zend/Escaper",
            "source": {
                "type": "git",
                "url": "https://github.com/zendframework/Component_ZendEscaper.git",
                "reference": "8b19a7f81fa0e56f6b8372442a06fb0a02c11864"
            },
            "dist": {
                "type": "zip",
                "url": "https://api.github.com/repos/zendframework/Component_ZendEscaper/zipball/8b19a7f81fa0e56f6b8372442a06fb0a02c11864",
                "reference": "8b19a7f81fa0e56f6b8372442a06fb0a02c11864",
                "shasum": ""
            },
            "require": {
                "php": ">=5.3.3"
            },
            "type": "library",
            "extra": {
                "branch-alias": {
                    "dev-master": "2.2-dev",
                    "dev-develop": "2.3-dev"
                }
            },
            "autoload": {
                "psr-0": {
                    "Zend\\Escaper\\": ""
                }
            },
            "notification-url": "https://packagist.org/downloads/",
            "license": [
                "BSD-3-Clause"
            ],
            "keywords": [
                "escaper",
                "zf2"
            ],
            "time": "2014-01-04 13:01:01"
        },
        {
            "name": "zendframework/zend-feed",
            "version": "dev-develop",
            "target-dir": "Zend/Feed",
            "source": {
                "type": "git",
                "url": "https://github.com/zendframework/Component_ZendFeed.git",
                "reference": "819ee369b89b70fb26a64d3b265b89464b30f20b"
            },
            "dist": {
                "type": "zip",
                "url": "https://api.github.com/repos/zendframework/Component_ZendFeed/zipball/819ee369b89b70fb26a64d3b265b89464b30f20b",
                "reference": "819ee369b89b70fb26a64d3b265b89464b30f20b",
                "shasum": ""
            },
            "require": {
                "php": ">=5.3.3",
                "zendframework/zend-escaper": "self.version",
                "zendframework/zend-stdlib": "self.version"
            },
            "suggest": {
                "zendframework/zend-http": "Zend\\Http for PubSubHubbub, and optionally for use with Zend\\Feed\\Reader",
                "zendframework/zend-servicemanager": "Zend\\ServiceManager component, for default/recommended ExtensionManager implementations",
                "zendframework/zend-validator": "Zend\\Validator component"
            },
            "type": "library",
            "extra": {
                "branch-alias": {
                    "dev-master": "2.2-dev",
                    "dev-develop": "2.3-dev"
                }
            },
            "autoload": {
                "psr-0": {
                    "Zend\\Feed\\": ""
                }
            },
            "notification-url": "https://packagist.org/downloads/",
            "license": [
                "BSD-3-Clause"
            ],
            "description": "provides functionality for consuming RSS and Atom feeds",
            "keywords": [
                "feed",
                "zf2"
            ],
            "time": "2014-03-10 17:00:13"
        },
        {
            "name": "zendframework/zend-stdlib",
            "version": "dev-develop",
            "target-dir": "Zend/Stdlib",
            "source": {
                "type": "git",
                "url": "https://github.com/zendframework/Component_ZendStdlib.git",
                "reference": "3acce3d524c5c5b7e92c90b0c2763068c1efaf2c"
            },
            "dist": {
                "type": "zip",
                "url": "https://api.github.com/repos/zendframework/Component_ZendStdlib/zipball/3acce3d524c5c5b7e92c90b0c2763068c1efaf2c",
                "reference": "3acce3d524c5c5b7e92c90b0c2763068c1efaf2c",
                "shasum": ""
            },
            "require": {
                "php": ">=5.3.23"
            },
            "require-dev": {
                "zendframework/zend-eventmanager": "self.version",
                "zendframework/zend-serializer": "self.version",
                "zendframework/zend-servicemanager": "self.version"
            },
            "suggest": {
                "zendframework/zend-eventmanager": "To support aggregate hydrator usage",
                "zendframework/zend-serializer": "Zend\\Serializer component",
                "zendframework/zend-servicemanager": "To support hydrator plugin manager usage"
            },
            "type": "library",
            "extra": {
                "branch-alias": {
                    "dev-master": "2.2-dev",
                    "dev-develop": "2.3-dev"
                }
            },
            "autoload": {
                "psr-0": {
                    "Zend\\Stdlib\\": ""
                }
            },
            "notification-url": "https://packagist.org/downloads/",
            "license": [
                "BSD-3-Clause"
            ],
            "keywords": [
                "stdlib",
                "zf2"
            ],
            "time": "2014-03-13 16:12:22"
        }
    ],
    "packages-dev": [],
    "aliases": [],
    "minimum-stability": "dev",
    "stability-flags": {
        "sculpin/sculpin": 20
    },
    "platform": [],
    "platform-dev": []
}
